// !$*UTF8*$!
{
	archiveVersion = 1;
	classes = {
	};
	objectVersion = 56;
	objects = {

/* Begin PBXBuildFile section */
		FAF80F7C2B4434AE00DC94AB /* Network_InterchangeApp.swift in Sources */ = {isa = PBXBuildFile; fileRef = FAF80F7B2B4434AE00DC94AB /* Network_InterchangeApp.swift */; };
		FAF80F7E2B4434AE00DC94AB /* ContentView.swift in Sources */ = {isa = PBXBuildFile; fileRef = FAF80F7D2B4434AE00DC94AB /* ContentView.swift */; };
		FAF80F802B4434AF00DC94AB /* Assets.xcassets in Resources */ = {isa = PBXBuildFile; fileRef = FAF80F7F2B4434AF00DC94AB /* Assets.xcassets */; };
		FAF80F832B4434AF00DC94AB /* Preview Assets.xcassets in Resources */ = {isa = PBXBuildFile; fileRef = FAF80F822B4434AF00DC94AB /* Preview Assets.xcassets */; };
		FAF80F8E2B44354A00DC94AB /* UserModel.swift in Sources */ = {isa = PBXBuildFile; fileRef = FAF80F8D2B44354A00DC94AB /* UserModel.swift */; };
		FAF80F902B44362F00DC94AB /* WebService.swift in Sources */ = {isa = PBXBuildFile; fileRef = FAF80F8F2B44362F00DC94AB /* WebService.swift */; };
		FAF80F922B443A7100DC94AB /* UserViewModel.swift in Sources */ = {isa = PBXBuildFile; fileRef = FAF80F912B443A7100DC94AB /* UserViewModel.swift */; };
		FAF80F962B443B7300DC94AB /* NetworkConstants.swift in Sources */ = {isa = PBXBuildFile; fileRef = FAF80F952B443B7300DC94AB /* NetworkConstants.swift */; };
		FAF80F982B443FC600DC94AB /* users.json in Resources */ = {isa = PBXBuildFile; fileRef = FAF80F972B443FC600DC94AB /* users.json */; };
		FAF80F9A2B44413E00DC94AB /* LocalService.swift in Sources */ = {isa = PBXBuildFile; fileRef = FAF80F992B44413E00DC94AB /* LocalService.swift */; };
		FAF80F9C2B4442AA00DC94AB /* NetworkService.swift in Sources */ = {isa = PBXBuildFile; fileRef = FAF80F9B2B4442AA00DC94AB /* NetworkService.swift */; };
/* End PBXBuildFile section */

/* Begin PBXFileReference section */
		FAF80F782B4434AE00DC94AB /* Network Interchange.app */ = {isa = PBXFileReference; explicitFileType = wrapper.application; includeInIndex = 0; path = "Network Interchange.app"; sourceTree = BUILT_PRODUCTS_DIR; };
		FAF80F7B2B4434AE00DC94AB /* Network_InterchangeApp.swift */ = {isa = PBXFileReference; lastKnownFileType = sourcecode.swift; path = Network_InterchangeApp.swift; sourceTree = "<group>"; };
		FAF80F7D2B4434AE00DC94AB /* ContentView.swift */ = {isa = PBXFileReference; lastKnownFileType = sourcecode.swift; path = ContentView.swift; sourceTree = "<group>"; };
		FAF80F7F2B4434AF00DC94AB /* Assets.xcassets */ = {isa = PBXFileReference; lastKnownFileType = folder.assetcatalog; path = Assets.xcassets; sourceTree = "<group>"; };
		FAF80F822B4434AF00DC94AB /* Preview Assets.xcassets */ = {isa = PBXFileReference; lastKnownFileType = folder.assetcatalog; path = "Preview Assets.xcassets"; sourceTree = "<group>"; };
		FAF80F8D2B44354A00DC94AB /* UserModel.swift */ = {isa = PBXFileReference; lastKnownFileType = sourcecode.swift; path = UserModel.swift; sourceTree = "<group>"; };
		FAF80F8F2B44362F00DC94AB /* WebService.swift */ = {isa = PBXFileReference; lastKnownFileType = sourcecode.swift; path = WebService.swift; sourceTree = "<group>"; };
		FAF80F912B443A7100DC94AB /* UserViewModel.swift */ = {isa = PBXFileReference; lastKnownFileType = sourcecode.swift; path = UserViewModel.swift; sourceTree = "<group>"; };
		FAF80F952B443B7300DC94AB /* NetworkConstants.swift */ = {isa = PBXFileReference; lastKnownFileType = sourcecode.swift; path = NetworkConstants.swift; sourceTree = "<group>"; };
		FAF80F972B443FC600DC94AB /* users.json */ = {isa = PBXFileReference; fileEncoding = 4; lastKnownFileType = text.json; path = users.json; sourceTree = "<group>"; };
		FAF80F992B44413E00DC94AB /* LocalService.swift */ = {isa = PBXFileReference; lastKnownFileType = sourcecode.swift; path = LocalService.swift; sourceTree = "<group>"; };
		FAF80F9B2B4442AA00DC94AB /* NetworkService.swift */ = {isa = PBXFileReference; lastKnownFileType = sourcecode.swift; path = NetworkService.swift; sourceTree = "<group>"; };
/* End PBXFileReference section */

/* Begin PBXFrameworksBuildPhase section */
		FAF80F752B4434AE00DC94AB /* Frameworks */ = {
			isa = PBXFrameworksBuildPhase;
			buildActionMask = 2147483647;
			files = (
			);
			runOnlyForDeploymentPostprocessing = 0;
		};
/* End PBXFrameworksBuildPhase section */

/* Begin PBXGroup section */
		FAF80F6F2B4434AE00DC94AB = {
			isa = PBXGroup;
			children = (
				FAF80F7A2B4434AE00DC94AB /* Network Interchange */,
				FAF80F792B4434AE00DC94AB /* Products */,
			);
			sourceTree = "<group>";
		};
		FAF80F792B4434AE00DC94AB /* Products */ = {
			isa = PBXGroup;
			children = (
				FAF80F782B4434AE00DC94AB /* Network Interchange.app */,
			);
			name = Products;
			sourceTree = "<group>";
		};
		FAF80F7A2B4434AE00DC94AB /* Network Interchange */ = {
			isa = PBXGroup;
			children = (
				FAF80F972B443FC600DC94AB /* users.json */,
				FAF80F8C2B4434DE00DC94AB /* Service */,
				FAF80F8B2B4434D900DC94AB /* View */,
				FAF80F8A2B4434C100DC94AB /* ViewModel */,
				FAF80F892B4434BA00DC94AB /* Model */,
				FAF80F7B2B4434AE00DC94AB /* Network_InterchangeApp.swift */,
				FAF80F7F2B4434AF00DC94AB /* Assets.xcassets */,
				FAF80F812B4434AF00DC94AB /* Preview Content */,
			);
			path = "Network Interchange";
			sourceTree = "<group>";
		};
		FAF80F812B4434AF00DC94AB /* Preview Content */ = {
			isa = PBXGroup;
			children = (
				FAF80F822B4434AF00DC94AB /* Preview Assets.xcassets */,
			);
			path = "Preview Content";
			sourceTree = "<group>";
		};
		FAF80F892B4434BA00DC94AB /* Model */ = {
			isa = PBXGroup;
			children = (
				FAF80F8D2B44354A00DC94AB /* UserModel.swift */,
			);
			path = Model;
			sourceTree = "<group>";
		};
		FAF80F8A2B4434C100DC94AB /* ViewModel */ = {
			isa = PBXGroup;
			children = (
				FAF80F912B443A7100DC94AB /* UserViewModel.swift */,
			);
			path = ViewModel;
			sourceTree = "<group>";
		};
		FAF80F8B2B4434D900DC94AB /* View */ = {
			isa = PBXGroup;
			children = (
				FAF80F7D2B4434AE00DC94AB /* ContentView.swift */,
			);
			path = View;
			sourceTree = "<group>";
		};
		FAF80F8C2B4434DE00DC94AB /* Service */ = {
			isa = PBXGroup;
			children = (
				FAF80F8F2B44362F00DC94AB /* WebService.swift */,
				FAF80F992B44413E00DC94AB /* LocalService.swift */,
				FAF80F9B2B4442AA00DC94AB /* NetworkService.swift */,
				FAF80F952B443B7300DC94AB /* NetworkConstants.swift */,
			);
			path = Service;
			sourceTree = "<group>";
		};
/* End PBXGroup section */

/* Begin PBXNativeTarget section */
		FAF80F772B4434AE00DC94AB /* Network Interchange */ = {
			isa = PBXNativeTarget;
			buildConfigurationList = FAF80F862B4434AF00DC94AB /* Build configuration list for PBXNativeTarget "Network Interchange" */;
			buildPhases = (
				FAF80F742B4434AE00DC94AB /* Sources */,
				FAF80F752B4434AE00DC94AB /* Frameworks */,
				FAF80F762B4434AE00DC94AB /* Resources */,
			);
			buildRules = (
			);
			dependencies = (
			);
			name = "Network Interchange";
			productName = "Network Interchange";
			productReference = FAF80F782B4434AE00DC94AB /* Network Interchange.app */;
			productType = "com.apple.product-type.application";
		};
/* End PBXNativeTarget section */

/* Begin PBXProject section */
		FAF80F702B4434AE00DC94AB /* Project object */ = {
			isa = PBXProject;
			attributes = {
				BuildIndependentTargetsInParallel = 1;
				LastSwiftUpdateCheck = 1430;
				LastUpgradeCheck = 1430;
				TargetAttributes = {
					FAF80F772B4434AE00DC94AB = {
						CreatedOnToolsVersion = 14.3.1;
					};
				};
			};
			buildConfigurationList = FAF80F732B4434AE00DC94AB /* Build configuration list for PBXProject "Network Interchange" */;
			compatibilityVersion = "Xcode 14.0";
			developmentRegion = en;
			hasScannedForEncodings = 0;
			knownRegions = (
				en,
				Base,
			);
			mainGroup = FAF80F6F2B4434AE00DC94AB;
			productRefGroup = FAF80F792B4434AE00DC94AB /* Products */;
			projectDirPath = "";
			projectRoot = "";
			targets = (
				FAF80F772B4434AE00DC94AB /* Network Interchange */,
			);
		};
/* End PBXProject section */

/* Begin PBXResourcesBuildPhase section */
		FAF80F762B4434AE00DC94AB /* Resources */ = {
			isa = PBXResourcesBuildPhase;
			buildActionMask = 2147483647;
			files = (
				FAF80F982B443FC600DC94AB /* users.json in Resources */,
				FAF80F832B4434AF00DC94AB /* Preview Assets.xcassets in Resources */,
				FAF80F802B4434AF00DC94AB /* Assets.xcassets in Resources */,
			);
			runOnlyForDeploymentPostprocessing = 0;
		};
/* End PBXResourcesBuildPhase section */

/* Begin PBXSourcesBuildPhase section */
		FAF80F742B4434AE00DC94AB /* Sources */ = {
			isa = PBXSourcesBuildPhase;
			buildActionMask = 2147483647;
			files = (
				FAF80F962B443B7300DC94AB /* NetworkConstants.swift in Sources */,
				FAF80F7E2B4434AE00DC94AB /* ContentView.swift in Sources */,
				FAF80F9C2B4442AA00DC94AB /* NetworkService.swift in Sources */,
				FAF80F8E2B44354A00DC94AB /* UserModel.swift in Sources */,
				FAF80F7C2B4434AE00DC94AB /* Network_InterchangeApp.swift in Sources */,
				FAF80F922B443A7100DC94AB /* UserViewModel.swift in Sources */,
				FAF80F9A2B44413E00DC94AB /* LocalService.swift in Sources */,
				FAF80F902B44362F00DC94AB /* WebService.swift in Sources */,
			);
			runOnlyForDeploymentPostprocessing = 0;
		};
/* End PBXSourcesBuildPhase section */

/* Begin XCBuildConfiguration section */
		FAF80F842B4434AF00DC94AB /* Debug */ = {
			isa = XCBuildConfiguration;
			buildSettings = {
				ALWAYS_SEARCH_USER_PATHS = NO;
				CLANG_ANALYZER_NONNULL = YES;
				CLANG_ANALYZER_NUMBER_OBJECT_CONVERSION = YES_AGGRESSIVE;
				CLANG_CXX_LANGUAGE_STANDARD = "gnu++20";
				CLANG_ENABLE_MODULES = YES;
				CLANG_ENABLE_OBJC_ARC = YES;
				CLANG_ENABLE_OBJC_WEAK = YES;
				CLANG_WARN_BLOCK_CAPTURE_AUTORELEASING = YES;
				CLANG_WARN_BOOL_CONVERSION = YES;
				CLANG_WARN_COMMA = YES;
				CLANG_WARN_CONSTANT_CONVERSION = YES;
				CLANG_WARN_DEPRECATED_OBJC_IMPLEMENTATIONS = YES;
				CLANG_WARN_DIRECT_OBJC_ISA_USAGE = YES_ERROR;
				CLANG_WARN_DOCUMENTATION_COMMENTS = YES;
				CLANG_WARN_EMPTY_BODY = YES;
				CLANG_WARN_ENUM_CONVERSION = YES;
				CLANG_WARN_INFINITE_RECURSION = YES;
				CLANG_WARN_INT_CONVERSION = YES;
				CLANG_WARN_NON_LITERAL_NULL_CONVERSION = YES;
				CLANG_WARN_OBJC_IMPLICIT_RETAIN_SELF = YES;
				CLANG_WARN_OBJC_LITERAL_CONVERSION = YES;
				CLANG_WARN_OBJC_ROOT_CLASS = YES_ERROR;
				CLANG_WARN_QUOTED_INCLUDE_IN_FRAMEWORK_HEADER = YES;
				CLANG_WARN_RANGE_LOOP_ANALYSIS = YES;
				CLANG_WARN_STRICT_PROTOTYPES = YES;
				CLANG_WARN_SUSPICIOUS_MOVE = YES;
				CLANG_WARN_UNGUARDED_AVAILABILITY = YES_AGGRESSIVE;
				CLANG_WARN_UNREACHABLE_CODE = YES;
				CLANG_WARN__DUPLICATE_METHOD_MATCH = YES;
				COPY_PHASE_STRIP = NO;
				DEBUG_INFORMATION_FORMAT = dwarf;
				ENABLE_STRICT_OBJC_MSGSEND = YES;
				ENABLE_TESTABILITY = YES;
				GCC_C_LANGUAGE_STANDARD = gnu11;
				GCC_DYNAMIC_NO_PIC = NO;
				GCC_NO_COMMON_BLOCKS = YES;
				GCC_OPTIMIZATION_LEVEL = 0;
				GCC_PREPROCESSOR_DEFINITIONS = (
					"DEBUG=1",
					"$(inherited)",
				);
				GCC_WARN_64_TO_32_BIT_CONVERSION = YES;
				GCC_WARN_ABOUT_RETURN_TYPE = YES_ERROR;
				GCC_WARN_UNDECLARED_SELECTOR = YES;
				GCC_WARN_UNINITIALIZED_AUTOS = YES_AGGRESSIVE;
				GCC_WARN_UNUSED_FUNCTION = YES;
				GCC_WARN_UNUSED_VARIABLE = YES;
				IPHONEOS_DEPLOYMENT_TARGET = 16.4;
				MTL_ENABLE_DEBUG_INFO = INCLUDE_SOURCE;
				MTL_FAST_MATH = YES;
				ONLY_ACTIVE_ARCH = YES;
				SDKROOT = iphoneos;
				SWIFT_ACTIVE_COMPILATION_CONDITIONS = DEBUG;
				SWIFT_OPTIMIZATION_LEVEL = "-Onone";
			};
			name = Debug;
		};
		FAF80F852B4434AF00DC94AB /* Release */ = {
			isa = XCBuildConfiguration;
			buildSettings = {
				ALWAYS_SEARCH_USER_PATHS = NO;
				CLANG_ANALYZER_NONNULL = YES;
				CLANG_ANALYZER_NUMBER_OBJECT_CONVERSION = YES_AGGRESSIVE;
				CLANG_CXX_LANGUAGE_STANDARD = "gnu++20";
				CLANG_ENABLE_MODULES = YES;
				CLANG_ENABLE_OBJC_ARC = YES;
				CLANG_ENABLE_OBJC_WEAK = YES;
				CLANG_WARN_BLOCK_CAPTURE_AUTORELEASING = YES;
				CLANG_WARN_BOOL_CONVERSION = YES;
				CLANG_WARN_COMMA = YES;
				CLANG_WARN_CONSTANT_CONVERSION = YES;
				CLANG_WARN_DEPRECATED_OBJC_IMPLEMENTATIONS = YES;
				CLANG_WARN_DIRECT_OBJC_ISA_USAGE = YES_ERROR;
				CLANG_WARN_DOCUMENTATION_COMMENTS = YES;
				CLANG_WARN_EMPTY_BODY = YES;
				CLANG_WARN_ENUM_CONVERSION = YES;
				CLANG_WARN_INFINITE_RECURSION = YES;
				CLANG_WARN_INT_CONVERSION = YES;
				CLANG_WARN_NON_LITERAL_NULL_CONVERSION = YES;
				CLANG_WARN_OBJC_IMPLICIT_RETAIN_SELF = YES;
				CLANG_WARN_OBJC_LITERAL_CONVERSION = YES;
				CLANG_WARN_OBJC_ROOT_CLASS = YES_ERROR;
				CLANG_WARN_QUOTED_INCLUDE_IN_FRAMEWORK_HEADER = YES;
				CLANG_WARN_RANGE_LOOP_ANALYSIS = YES;
				CLANG_WARN_STRICT_PROTOTYPES = YES;
				CLANG_WARN_SUSPICIOUS_MOVE = YES;
				CLANG_WARN_UNGUARDED_AVAILABILITY = YES_AGGRESSIVE;
				CLANG_WARN_UNREACHABLE_CODE = YES;
				CLANG_WARN__DUPLICATE_METHOD_MATCH = YES;
				COPY_PHASE_STRIP = NO;
				DEBUG_INFORMATION_FORMAT = "dwarf-with-dsym";
				ENABLE_NS_ASSERTIONS = NO;
				ENABLE_STRICT_OBJC_MSGSEND = YES;
				GCC_C_LANGUAGE_STANDARD = gnu11;
				GCC_NO_COMMON_BLOCKS = YES;
				GCC_WARN_64_TO_32_BIT_CONVERSION = YES;
				GCC_WARN_ABOUT_RETURN_TYPE = YES_ERROR;
				GCC_WARN_UNDECLARED_SELECTOR = YES;
				GCC_WARN_UNINITIALIZED_AUTOS = YES_AGGRESSIVE;
				GCC_WARN_UNUSED_FUNCTION = YES;
				GCC_WARN_UNUSED_VARIABLE = YES;
				IPHONEOS_DEPLOYMENT_TARGET = 16.4;
				MTL_ENABLE_DEBUG_INFO = NO;
				MTL_FAST_MATH = YES;
				SDKROOT = iphoneos;
				SWIFT_COMPILATION_MODE = wholemodule;
				SWIFT_OPTIMIZATION_LEVEL = "-O";
				VALIDATE_PRODUCT = YES;
			};
			name = Release;
		};
		FAF80F872B4434AF00DC94AB /* Debug */ = {
			isa = XCBuildConfiguration;
			buildSettings = {
				ASSETCATALOG_COMPILER_APPICON_NAME = AppIcon;
				ASSETCATALOG_COMPILER_GLOBAL_ACCENT_COLOR_NAME = AccentColor;
				CODE_SIGN_STYLE = Automatic;
				CURRENT_PROJECT_VERSION = 1;
				DEVELOPMENT_ASSET_PATHS = "\"Network Interchange/Preview Content\"";
				ENABLE_PREVIEWS = YES;
				GENERATE_INFOPLIST_FILE = YES;
				INFOPLIST_KEY_UIApplicationSceneManifest_Generation = YES;
				INFOPLIST_KEY_UIApplicationSupportsIndirectInputEvents = YES;
				INFOPLIST_KEY_UILaunchScreen_Generation = YES;
				INFOPLIST_KEY_UISupportedInterfaceOrientations_iPad = "UIInterfaceOrientationPortrait UIInterfaceOrientationPortraitUpsideDown UIInterfaceOrientationLandscapeLeft UIInterfaceOrientationLandscapeRight";
				INFOPLIST_KEY_UISupportedInterfaceOrientations_iPhone = "UIInterfaceOrientationPortrait UIInterfaceOrientationLandscapeLeft UIInterfaceOrientationLandscapeRight";
				LD_RUNPATH_SEARCH_PATHS = (
					"$(inherited)",
					"@executable_path/Frameworks",
				);
				MARKETING_VERSION = 1.0;
				PRODUCT_BUNDLE_IDENTIFIER = "murad.Network-Interchange";
				PRODUCT_NAME = "$(TARGET_NAME)";
				SWIFT_EMIT_LOC_STRINGS = YES;
				SWIFT_VERSION = 5.0;
				TARGETED_DEVICE_FAMILY = "1,2";
			};
			name = Debug;
		};
		FAF80F882B4434AF00DC94AB /* Release */ = {
			isa = XCBuildConfiguration;
			buildSettings = {
				ASSETCATALOG_COMPILER_APPICON_NAME = AppIcon;
				ASSETCATALOG_COMPILER_GLOBAL_ACCENT_COLOR_NAME = AccentColor;
				CODE_SIGN_STYLE = Automatic;
				CURRENT_PROJECT_VERSION = 1;
				DEVELOPMENT_ASSET_PATHS = "\"Network Interchange/Preview Content\"";
				ENABLE_PREVIEWS = YES;
				GENERATE_INFOPLIST_FILE = YES;
				INFOPLIST_KEY_UIApplicationSceneManifest_Generation = YES;
				INFOPLIST_KEY_UIApplicationSupportsIndirectInputEvents = YES;
				INFOPLIST_KEY_UILaunchScreen_Generation = YES;
				INFOPLIST_KEY_UISupportedInterfaceOrientations_iPad = "UIInterfaceOrientationPortrait UIInterfaceOrientationPortraitUpsideDown UIInterfaceOrientationLandscapeLeft UIInterfaceOrientationLandscapeRight";
				INFOPLIST_KEY_UISupportedInterfaceOrientations_iPhone = "UIInterfaceOrientationPortrait UIInterfaceOrientationLandscapeLeft UIInterfaceOrientationLandscapeRight";
				LD_RUNPATH_SEARCH_PATHS = (
					"$(inherited)",
					"@executable_path/Frameworks",
				);
				MARKETING_VERSION = 1.0;
				PRODUCT_BUNDLE_IDENTIFIER = "murad.Network-Interchange";
				PRODUCT_NAME = "$(TARGET_NAME)";
				SWIFT_EMIT_LOC_STRINGS = YES;
				SWIFT_VERSION = 5.0;
				TARGETED_DEVICE_FAMILY = "1,2";
			};
			name = Release;
		};
/* End XCBuildConfiguration section */

/* Begin XCConfigurationList section */
		FAF80F732B4434AE00DC94AB /* Build configuration list for PBXProject "Network Interchange" */ = {
			isa = XCConfigurationList;
			buildConfigurations = (
				FAF80F842B4434AF00DC94AB /* Debug */,
				FAF80F852B4434AF00DC94AB /* Release */,
			);
			defaultConfigurationIsVisible = 0;
			defaultConfigurationName = Release;
		};
		FAF80F862B4434AF00DC94AB /* Build configuration list for PBXNativeTarget "Network Interchange" */ = {
			isa = XCConfigurationList;
			buildConfigurations = (
				FAF80F872B4434AF00DC94AB /* Debug */,
				FAF80F882B4434AF00DC94AB /* Release */,
			);
			defaultConfigurationIsVisible = 0;
			defaultConfigurationName = Release;
		};
/* End XCConfigurationList section */
	};
	rootObject = FAF80F702B4434AE00DC94AB /* Project object */;
}
